
Microsoft Visual Studio Solution File, Format Version 12.00
# Visual Studio Version 17
VisualStudioVersion = 17.9.34607.119
MinimumVisualStudioVersion = 10.0.40219.1
Project("{FAE04EC0-301F-11D3-BF4B-00C04F79EFBC}") = "BookBridge.Client", "BookBridge.Client\BookBridge.Client.csproj", "{C90B4F2D-C1D9-49A1-82C6-756A287A057A}"
EndProject
Project("{FAE04EC0-301F-11D3-BF4B-00C04F79EFBC}") = "BookBridge.Server", "BookBridge.Server\BookBridge.Server.csproj", "{0A53ECD8-07EB-4C55-9920-15C24904C044}"
EndProject
Global
	GlobalSection(SolutionConfigurationPlatforms) = preSolution
		Debug|Any CPU = Debug|Any CPU
		Release|Any CPU = Release|Any CPU
	EndGlobalSection
	GlobalSection(ProjectConfigurationPlatforms) = postSolution
		{C90B4F2D-C1D9-49A1-82C6-756A287A057A}.Debug|Any CPU.ActiveCfg = Debug|Any CPU
		{C90B4F2D-C1D9-49A1-82C6-756A287A057A}.Debug|Any CPU.Build.0 = Debug|Any CPU
		{C90B4F2D-C1D9-49A1-82C6-756A287A057A}.Release|Any CPU.ActiveCfg = Release|Any CPU
		{C90B4F2D-C1D9-49A1-82C6-756A287A057A}.Release|Any CPU.Build.0 = Release|Any CPU
		{0A53ECD8-07EB-4C55-9920-15C24904C044}.Debug|Any CPU.ActiveCfg = Debug|Any CPU
		{0A53ECD8-07EB-4C55-9920-15C24904C044}.Debug|Any CPU.Build.0 = Debug|Any CPU
		{0A53ECD8-07EB-4C55-9920-15C24904C044}.Release|Any CPU.ActiveCfg = Release|Any CPU
		{0A53ECD8-07EB-4C55-9920-15C24904C044}.Release|Any CPU.Build.0 = Release|Any CPU
	EndGlobalSection
	GlobalSection(SolutionProperties) = preSolution
		HideSolutionNode = FALSE
	EndGlobalSection
	GlobalSection(ExtensibilityGlobals) = postSolution
		SolutionGuid = {934BA61E-10B5-42CB-BFCB-463423D7B430}
	EndGlobalSection
EndGlobal
